// !$*UTF8*$!
{
	archiveVersion = 1;
	classes = {
	};
	objectVersion = 77;
	objects = {

/* Begin PBXBuildFile section */
		D1A5A0032F40000100AB6E83 /* AgentTutorAskpass in Embed Helpers */ = {isa = PBXBuildFile; fileRef = D1A5A0022F40000100AB6E83 /* AgentTutorAskpass */; };
/* End PBXBuildFile section */

/* Begin PBXContainerItemProxy section */
		102B089A2F38F9A900AB6E83 /* PBXContainerItemProxy */ = {
			isa = PBXContainerItemProxy;
			containerPortal = 102B08842F38F9A800AB6E83 /* Project object */;
			proxyType = 1;
			remoteGlobalIDString = 102B088B2F38F9A800AB6E83;
			remoteInfo = AgentTutor;
		};
		102B08A42F38F9A900AB6E83 /* PBXContainerItemProxy */ = {
			isa = PBXContainerItemProxy;
			containerPortal = 102B08842F38F9A800AB6E83 /* Project object */;
			proxyType = 1;
			remoteGlobalIDString = 102B088B2F38F9A800AB6E83;
			remoteInfo = AgentTutor;
		};
		D1A5A0012F40000100AB6E83 /* PBXContainerItemProxy */ = {
			isa = PBXContainerItemProxy;
			containerPortal = 102B08842F38F9A800AB6E83 /* Project object */;
			proxyType = 1;
			remoteGlobalIDString = D1A5A0092F40000100AB6E83;
			remoteInfo = AgentTutorAskpass;
		};
/* End PBXContainerItemProxy section */

/* Begin PBXFileReference section */
		102B088C2F38F9A800AB6E83 /* AgentTutor.app */ = {isa = PBXFileReference; explicitFileType = wrapper.application; includeInIndex = 0; path = AgentTutor.app; sourceTree = BUILT_PRODUCTS_DIR; };
		102B08992F38F9A900AB6E83 /* AgentTutorTests.xctest */ = {isa = PBXFileReference; explicitFileType = wrapper.cfbundle; includeInIndex = 0; path = AgentTutorTests.xctest; sourceTree = BUILT_PRODUCTS_DIR; };
		102B08A32F38F9A900AB6E83 /* AgentTutorUITests.xctest */ = {isa = PBXFileReference; explicitFileType = wrapper.cfbundle; includeInIndex = 0; path = AgentTutorUITests.xctest; sourceTree = BUILT_PRODUCTS_DIR; };
		D1A5A0022F40000100AB6E83 /* AgentTutorAskpass */ = {isa = PBXFileReference; explicitFileType = "compiled.mach-o.executable"; includeInIndex = 0; path = AgentTutorAskpass; sourceTree = BUILT_PRODUCTS_DIR; };
/* End PBXFileReference section */

/* Begin PBXFileSystemSynchronizedBuildFileExceptionSet section */
		F1A2B3C42F39000100AB6E83 /* Exceptions for "AgentTutor" folder in "AgentTutor" target */ = {
			isa = PBXFileSystemSynchronizedBuildFileExceptionSet;
			membershipExceptions = (
				Core/AI/CLAUDE.md,
				Core/CLAUDE.md,
				Core/Install/CLAUDE.md,
				Features/Setup/CLAUDE.md,
			);
			target = 102B088B2F38F9A800AB6E83 /* AgentTutor */;
		};
		F1A2B3C42F39000200AB6E83 /* Exceptions for "AgentTutorTests" folder in "AgentTutorTests" target */ = {
			isa = PBXFileSystemSynchronizedBuildFileExceptionSet;
			membershipExceptions = (
				CLAUDE.md,
			);
			target = 102B08982F38F9A900AB6E83 /* AgentTutorTests */;
		};
/* End PBXFileSystemSynchronizedBuildFileExceptionSet section */

/* Begin PBXFileSystemSynchronizedRootGroup section */
		102B088E2F38F9A800AB6E83 /* AgentTutor */ = {
			isa = PBXFileSystemSynchronizedRootGroup;
			exceptions = (
				F1A2B3C42F39000100AB6E83 /* Exceptions for "AgentTutor" folder in "AgentTutor" target */,
			);
			path = AgentTutor;
			sourceTree = "<group>";
		};
		102B089C2F38F9A900AB6E83 /* AgentTutorTests */ = {
			isa = PBXFileSystemSynchronizedRootGroup;
			exceptions = (
				F1A2B3C42F39000200AB6E83 /* Exceptions for "AgentTutorTests" folder in "AgentTutorTests" target */,
			);
			path = AgentTutorTests;
			sourceTree = "<group>";
		};
		102B08A62F38F9A900AB6E83 /* AgentTutorUITests */ = {
			isa = PBXFileSystemSynchronizedRootGroup;
			path = AgentTutorUITests;
			sourceTree = "<group>";
		};
		D1A5A0042F40000100AB6E83 /* AgentTutorAskpass */ = {
			isa = PBXFileSystemSynchronizedRootGroup;
			path = AgentTutorAskpass;
			sourceTree = "<group>";
		};
/* End PBXFileSystemSynchronizedRootGroup section */

/* Begin PBXCopyFilesBuildPhase section */
		D1A5A0052F40000100AB6E83 /* Embed Helpers */ = {
			isa = PBXCopyFilesBuildPhase;
			buildActionMask = 2147483647;
			dstPath = Contents/Helpers;
			dstSubfolderSpec = 1;
			files = (
				D1A5A0032F40000100AB6E83 /* AgentTutorAskpass in Embed Helpers */,
			);
			name = "Embed Helpers";
			runOnlyForDeploymentPostprocessing = 0;
		};
/* End PBXCopyFilesBuildPhase section */

/* Begin PBXFrameworksBuildPhase section */
		102B08892F38F9A800AB6E83 /* Frameworks */ = {
			isa = PBXFrameworksBuildPhase;
			buildActionMask = 2147483647;
			files = (
			);
			runOnlyForDeploymentPostprocessing = 0;
		};
		102B08962F38F9A900AB6E83 /* Frameworks */ = {
			isa = PBXFrameworksBuildPhase;
			buildActionMask = 2147483647;
			files = (
			);
			runOnlyForDeploymentPostprocessing = 0;
		};
		102B08A02F38F9A900AB6E83 /* Frameworks */ = {
			isa = PBXFrameworksBuildPhase;
			buildActionMask = 2147483647;
			files = (
			);
			runOnlyForDeploymentPostprocessing = 0;
		};
		D1A5A0062F40000100AB6E83 /* Frameworks */ = {
			isa = PBXFrameworksBuildPhase;
			buildActionMask = 2147483647;
			files = (
			);
			runOnlyForDeploymentPostprocessing = 0;
		};
/* End PBXFrameworksBuildPhase section */

/* Begin PBXGroup section */
		102B08832F38F9A800AB6E83 = {
			isa = PBXGroup;
			children = (
				102B088E2F38F9A800AB6E83 /* AgentTutor */,
				102B089C2F38F9A900AB6E83 /* AgentTutorTests */,
				102B08A62F38F9A900AB6E83 /* AgentTutorUITests */,
				D1A5A0042F40000100AB6E83 /* AgentTutorAskpass */,
				102B088D2F38F9A800AB6E83 /* Products */,
			);
			sourceTree = "<group>";
		};
		102B088D2F38F9A800AB6E83 /* Products */ = {
			isa = PBXGroup;
			children = (
				102B088C2F38F9A800AB6E83 /* AgentTutor.app */,
				102B08992F38F9A900AB6E83 /* AgentTutorTests.xctest */,
				102B08A32F38F9A900AB6E83 /* AgentTutorUITests.xctest */,
				D1A5A0022F40000100AB6E83 /* AgentTutorAskpass */,
			);
			name = Products;
			sourceTree = "<group>";
		};
/* End PBXGroup section */

/* Begin PBXNativeTarget section */
		102B088B2F38F9A800AB6E83 /* AgentTutor */ = {
			isa = PBXNativeTarget;
			buildConfigurationList = 102B08AD2F38F9A900AB6E83 /* Build configuration list for PBXNativeTarget "AgentTutor" */;
			buildPhases = (
				102B08882F38F9A800AB6E83 /* Sources */,
				102B08892F38F9A800AB6E83 /* Frameworks */,
				D1A5A0052F40000100AB6E83 /* Embed Helpers */,
				102B088A2F38F9A800AB6E83 /* Resources */,
			);
			buildRules = (
			);
			dependencies = (
				D1A5A00A2F40000100AB6E83 /* PBXTargetDependency */,
			);
			fileSystemSynchronizedGroups = (
				102B088E2F38F9A800AB6E83 /* AgentTutor */,
			);
			name = AgentTutor;
			packageProductDependencies = (
			);
			productName = AgentTutor;
			productReference = 102B088C2F38F9A800AB6E83 /* AgentTutor.app */;
			productType = "com.apple.product-type.application";
		};
		102B08982F38F9A900AB6E83 /* AgentTutorTests */ = {
			isa = PBXNativeTarget;
			buildConfigurationList = 102B08B02F38F9A900AB6E83 /* Build configuration list for PBXNativeTarget "AgentTutorTests" */;
			buildPhases = (
				102B08952F38F9A900AB6E83 /* Sources */,
				102B08962F38F9A900AB6E83 /* Frameworks */,
				102B08972F38F9A900AB6E83 /* Resources */,
			);
			buildRules = (
			);
			dependencies = (
				102B089B2F38F9A900AB6E83 /* PBXTargetDependency */,
			);
			fileSystemSynchronizedGroups = (
				102B089C2F38F9A900AB6E83 /* AgentTutorTests */,
			);
			name = AgentTutorTests;
			packageProductDependencies = (
			);
			productName = AgentTutorTests;
			productReference = 102B08992F38F9A900AB6E83 /* AgentTutorTests.xctest */;
			productType = "com.apple.product-type.bundle.unit-test";
		};
		102B08A22F38F9A900AB6E83 /* AgentTutorUITests */ = {
			isa = PBXNativeTarget;
			buildConfigurationList = 102B08B32F38F9A900AB6E83 /* Build configuration list for PBXNativeTarget "AgentTutorUITests" */;
			buildPhases = (
				102B089F2F38F9A900AB6E83 /* Sources */,
				102B08A02F38F9A900AB6E83 /* Frameworks */,
				102B08A12F38F9A900AB6E83 /* Resources */,
			);
			buildRules = (
			);
			dependencies = (
				102B08A52F38F9A900AB6E83 /* PBXTargetDependency */,
			);
			fileSystemSynchronizedGroups = (
				102B08A62F38F9A900AB6E83 /* AgentTutorUITests */,
			);
			name = AgentTutorUITests;
			packageProductDependencies = (
			);
			productName = AgentTutorUITests;
			productReference = 102B08A32F38F9A900AB6E83 /* AgentTutorUITests.xctest */;
			productType = "com.apple.product-type.bundle.ui-testing";
		};
		D1A5A0092F40000100AB6E83 /* AgentTutorAskpass */ = {
			isa = PBXNativeTarget;
			buildConfigurationList = D1A5A00D2F40000100AB6E83 /* Build configuration list for PBXNativeTarget "AgentTutorAskpass" */;
			buildPhases = (
				D1A5A0082F40000100AB6E83 /* Sources */,
				D1A5A0062F40000100AB6E83 /* Frameworks */,
				D1A5A0072F40000100AB6E83 /* Resources */,
			);
			buildRules = (
			);
			dependencies = (
			);
			fileSystemSynchronizedGroups = (
				D1A5A0042F40000100AB6E83 /* AgentTutorAskpass */,
			);
			name = AgentTutorAskpass;
			packageProductDependencies = (
			);
			productName = AgentTutorAskpass;
			productReference = D1A5A0022F40000100AB6E83 /* AgentTutorAskpass */;
			productType = "com.apple.product-type.tool";
		};
/* End PBXNativeTarget section */

/* Begin PBXProject section */
		102B08842F38F9A800AB6E83 /* Project object */ = {
			isa = PBXProject;
			attributes = {
				BuildIndependentTargetsInParallel = 1;
				LastSwiftUpdateCheck = 2620;
				LastUpgradeCheck = 2620;
				TargetAttributes = {
					102B088B2F38F9A800AB6E83 = {
						CreatedOnToolsVersion = 26.2;
					};
					102B08982F38F9A900AB6E83 = {
						CreatedOnToolsVersion = 26.2;
						TestTargetID = 102B088B2F38F9A800AB6E83;
					};
					102B08A22F38F9A900AB6E83 = {
						CreatedOnToolsVersion = 26.2;
						TestTargetID = 102B088B2F38F9A800AB6E83;
					};
					D1A5A0092F40000100AB6E83 = {
						CreatedOnToolsVersion = 26.2;
					};
				};
			};
			buildConfigurationList = 102B08872F38F9A800AB6E83 /* Build configuration list for PBXProject "AgentTutor" */;
			developmentRegion = en;
			hasScannedForEncodings = 0;
			knownRegions = (
				en,
				Base,
			);
			mainGroup = 102B08832F38F9A800AB6E83;
			minimizedProjectReferenceProxies = 1;
			preferredProjectObjectVersion = 77;
			productRefGroup = 102B088D2F38F9A800AB6E83 /* Products */;
			projectDirPath = "";
			projectRoot = "";
			targets = (
				102B088B2F38F9A800AB6E83 /* AgentTutor */,
				102B08982F38F9A900AB6E83 /* AgentTutorTests */,
				102B08A22F38F9A900AB6E83 /* AgentTutorUITests */,
				D1A5A0092F40000100AB6E83 /* AgentTutorAskpass */,
			);
		};
/* End PBXProject section */

/* Begin PBXResourcesBuildPhase section */
		102B088A2F38F9A800AB6E83 /* Resources */ = {
			isa = PBXResourcesBuildPhase;
			buildActionMask = 2147483647;
			files = (
			);
			runOnlyForDeploymentPostprocessing = 0;
		};
		102B08972F38F9A900AB6E83 /* Resources */ = {
			isa = PBXResourcesBuildPhase;
			buildActionMask = 2147483647;
			files = (
			);
			runOnlyForDeploymentPostprocessing = 0;
		};
		102B08A12F38F9A900AB6E83 /* Resources */ = {
			isa = PBXResourcesBuildPhase;
			buildActionMask = 2147483647;
			files = (
			);
			runOnlyForDeploymentPostprocessing = 0;
		};
		D1A5A0072F40000100AB6E83 /* Resources */ = {
			isa = PBXResourcesBuildPhase;
			buildActionMask = 2147483647;
			files = (
			);
			runOnlyForDeploymentPostprocessing = 0;
		};
/* End PBXResourcesBuildPhase section */

/* Begin PBXSourcesBuildPhase section */
		102B08882F38F9A800AB6E83 /* Sources */ = {
			isa = PBXSourcesBuildPhase;
			buildActionMask = 2147483647;
			files = (
			);
			runOnlyForDeploymentPostprocessing = 0;
		};
		102B08952F38F9A900AB6E83 /* Sources */ = {
			isa = PBXSourcesBuildPhase;
			buildActionMask = 2147483647;
			files = (
			);
			runOnlyForDeploymentPostprocessing = 0;
		};
		102B089F2F38F9A900AB6E83 /* Sources */ = {
			isa = PBXSourcesBuildPhase;
			buildActionMask = 2147483647;
			files = (
			);
			runOnlyForDeploymentPostprocessing = 0;
		};
		D1A5A0082F40000100AB6E83 /* Sources */ = {
			isa = PBXSourcesBuildPhase;
			buildActionMask = 2147483647;
			files = (
			);
			runOnlyForDeploymentPostprocessing = 0;
		};
/* End PBXSourcesBuildPhase section */

/* Begin PBXTargetDependency section */
		102B089B2F38F9A900AB6E83 /* PBXTargetDependency */ = {
			isa = PBXTargetDependency;
			target = 102B088B2F38F9A800AB6E83 /* AgentTutor */;
			targetProxy = 102B089A2F38F9A900AB6E83 /* PBXContainerItemProxy */;
		};
		102B08A52F38F9A900AB6E83 /* PBXTargetDependency */ = {
			isa = PBXTargetDependency;
			target = 102B088B2F38F9A800AB6E83 /* AgentTutor */;
			targetProxy = 102B08A42F38F9A900AB6E83 /* PBXContainerItemProxy */;
		};
		D1A5A00A2F40000100AB6E83 /* PBXTargetDependency */ = {
			isa = PBXTargetDependency;
			target = D1A5A0092F40000100AB6E83 /* AgentTutorAskpass */;
			targetProxy = D1A5A0012F40000100AB6E83 /* PBXContainerItemProxy */;
		};
/* End PBXTargetDependency section */

/* Begin XCBuildConfiguration section */
		102B08AB2F38F9A900AB6E83 /* Debug */ = {
			isa = XCBuildConfiguration;
			buildSettings = {
				ALWAYS_SEARCH_USER_PATHS = NO;
				ASSETCATALOG_COMPILER_GENERATE_SWIFT_ASSET_SYMBOL_EXTENSIONS = YES;
				CLANG_ANALYZER_NONNULL = YES;
				CLANG_ANALYZER_NUMBER_OBJECT_CONVERSION = YES_AGGRESSIVE;
				CLANG_CXX_LANGUAGE_STANDARD = "gnu++20";
				CLANG_ENABLE_MODULES = YES;
				CLANG_ENABLE_OBJC_ARC = YES;
				CLANG_ENABLE_OBJC_WEAK = YES;
				CLANG_WARN_BLOCK_CAPTURE_AUTORELEASING = YES;
				CLANG_WARN_BOOL_CONVERSION = YES;
				CLANG_WARN_COMMA = YES;
				CLANG_WARN_CONSTANT_CONVERSION = YES;
				CLANG_WARN_DEPRECATED_OBJC_IMPLEMENTATIONS = YES;
				CLANG_WARN_DIRECT_OBJC_ISA_USAGE = YES_ERROR;
				CLANG_WARN_DOCUMENTATION_COMMENTS = YES;
				CLANG_WARN_EMPTY_BODY = YES;
				CLANG_WARN_ENUM_CONVERSION = YES;
				CLANG_WARN_INFINITE_RECURSION = YES;
				CLANG_WARN_INT_CONVERSION = YES;
				CLANG_WARN_NON_LITERAL_NULL_CONVERSION = YES;
				CLANG_WARN_OBJC_IMPLICIT_RETAIN_SELF = YES;
				CLANG_WARN_OBJC_LITERAL_CONVERSION = YES;
				CLANG_WARN_OBJC_ROOT_CLASS = YES_ERROR;
				CLANG_WARN_QUOTED_INCLUDE_IN_FRAMEWORK_HEADER = YES;
				CLANG_WARN_RANGE_LOOP_ANALYSIS = YES;
				CLANG_WARN_STRICT_PROTOTYPES = YES;
				CLANG_WARN_SUSPICIOUS_MOVE = YES;
				CLANG_WARN_UNGUARDED_AVAILABILITY = YES_AGGRESSIVE;
				CLANG_WARN_UNREACHABLE_CODE = YES;
				CLANG_WARN__DUPLICATE_METHOD_MATCH = YES;
				COPY_PHASE_STRIP = NO;
				DEBUG_INFORMATION_FORMAT = dwarf;
				DEVELOPMENT_TEAM = 5EE3MRCZ7T;
				ENABLE_STRICT_OBJC_MSGSEND = YES;
				ENABLE_TESTABILITY = YES;
				ENABLE_USER_SCRIPT_SANDBOXING = YES;
				GCC_C_LANGUAGE_STANDARD = gnu17;
				GCC_DYNAMIC_NO_PIC = NO;
				GCC_NO_COMMON_BLOCKS = YES;
				GCC_OPTIMIZATION_LEVEL = 0;
				GCC_PREPROCESSOR_DEFINITIONS = (
					"DEBUG=1",
					"$(inherited)",
				);
				GCC_WARN_64_TO_32_BIT_CONVERSION = YES;
				GCC_WARN_ABOUT_RETURN_TYPE = YES_ERROR;
				GCC_WARN_UNDECLARED_SELECTOR = YES;
				GCC_WARN_UNINITIALIZED_AUTOS = YES_AGGRESSIVE;
				GCC_WARN_UNUSED_FUNCTION = YES;
				GCC_WARN_UNUSED_VARIABLE = YES;
				LOCALIZATION_PREFERS_STRING_CATALOGS = YES;
				MACOSX_DEPLOYMENT_TARGET = 14.0;
				MTL_ENABLE_DEBUG_INFO = INCLUDE_SOURCE;
				MTL_FAST_MATH = YES;
				ONLY_ACTIVE_ARCH = YES;
				SDKROOT = macosx;
				SWIFT_ACTIVE_COMPILATION_CONDITIONS = "DEBUG $(inherited)";
				SWIFT_OPTIMIZATION_LEVEL = "-Onone";
			};
			name = Debug;
		};
		102B08AC2F38F9A900AB6E83 /* Release */ = {
			isa = XCBuildConfiguration;
			buildSettings = {
				ALWAYS_SEARCH_USER_PATHS = NO;
				ASSETCATALOG_COMPILER_GENERATE_SWIFT_ASSET_SYMBOL_EXTENSIONS = YES;
				CLANG_ANALYZER_NONNULL = YES;
				CLANG_ANALYZER_NUMBER_OBJECT_CONVERSION = YES_AGGRESSIVE;
				CLANG_CXX_LANGUAGE_STANDARD = "gnu++20";
				CLANG_ENABLE_MODULES = YES;
				CLANG_ENABLE_OBJC_ARC = YES;
				CLANG_ENABLE_OBJC_WEAK = YES;
				CLANG_WARN_BLOCK_CAPTURE_AUTORELEASING = YES;
				CLANG_WARN_BOOL_CONVERSION = YES;
				CLANG_WARN_COMMA = YES;
				CLANG_WARN_CONSTANT_CONVERSION = YES;
				CLANG_WARN_DEPRECATED_OBJC_IMPLEMENTATIONS = YES;
				CLANG_WARN_DIRECT_OBJC_ISA_USAGE = YES_ERROR;
				CLANG_WARN_DOCUMENTATION_COMMENTS = YES;
				CLANG_WARN_EMPTY_BODY = YES;
				CLANG_WARN_ENUM_CONVERSION = YES;
				CLANG_WARN_INFINITE_RECURSION = YES;
				CLANG_WARN_INT_CONVERSION = YES;
				CLANG_WARN_NON_LITERAL_NULL_CONVERSION = YES;
				CLANG_WARN_OBJC_IMPLICIT_RETAIN_SELF = YES;
				CLANG_WARN_OBJC_LITERAL_CONVERSION = YES;
				CLANG_WARN_OBJC_ROOT_CLASS = YES_ERROR;
				CLANG_WARN_QUOTED_INCLUDE_IN_FRAMEWORK_HEADER = YES;
				CLANG_WARN_RANGE_LOOP_ANALYSIS = YES;
				CLANG_WARN_STRICT_PROTOTYPES = YES;
				CLANG_WARN_SUSPICIOUS_MOVE = YES;
				CLANG_WARN_UNGUARDED_AVAILABILITY = YES_AGGRESSIVE;
				CLANG_WARN_UNREACHABLE_CODE = YES;
				CLANG_WARN__DUPLICATE_METHOD_MATCH = YES;
				COPY_PHASE_STRIP = NO;
				DEBUG_INFORMATION_FORMAT = "dwarf-with-dsym";
				DEVELOPMENT_TEAM = 5EE3MRCZ7T;
				ENABLE_NS_ASSERTIONS = NO;
				ENABLE_STRICT_OBJC_MSGSEND = YES;
				ENABLE_USER_SCRIPT_SANDBOXING = YES;
				GCC_C_LANGUAGE_STANDARD = gnu17;
				GCC_NO_COMMON_BLOCKS = YES;
				GCC_WARN_64_TO_32_BIT_CONVERSION = YES;
				GCC_WARN_ABOUT_RETURN_TYPE = YES_ERROR;
				GCC_WARN_UNDECLARED_SELECTOR = YES;
				GCC_WARN_UNINITIALIZED_AUTOS = YES_AGGRESSIVE;
				GCC_WARN_UNUSED_FUNCTION = YES;
				GCC_WARN_UNUSED_VARIABLE = YES;
				LOCALIZATION_PREFERS_STRING_CATALOGS = YES;
				MACOSX_DEPLOYMENT_TARGET = 14.0;
				MTL_ENABLE_DEBUG_INFO = NO;
				MTL_FAST_MATH = YES;
				SDKROOT = macosx;
				SWIFT_COMPILATION_MODE = wholemodule;
			};
			name = Release;
		};
		102B08AE2F38F9A900AB6E83 /* Debug */ = {
			isa = XCBuildConfiguration;
			buildSettings = {
				ASSETCATALOG_COMPILER_APPICON_NAME = AppIcon;
				ASSETCATALOG_COMPILER_GLOBAL_ACCENT_COLOR_NAME = AccentColor;
				CODE_SIGN_STYLE = Automatic;
				COMBINE_HIDPI_IMAGES = YES;
				CURRENT_PROJECT_VERSION = 4;
				DEVELOPMENT_TEAM = 5EE3MRCZ7T;
				ENABLE_APP_SANDBOX = NO;
				ENABLE_HARDENED_RUNTIME = YES;
				ENABLE_PREVIEWS = YES;
				ENABLE_USER_SELECTED_FILES = readonly;
				GENERATE_INFOPLIST_FILE = YES;
				INFOPLIST_KEY_NSHumanReadableCopyright = "";
				LD_RUNPATH_SEARCH_PATHS = (
					"$(inherited)",
					"@executable_path/../Frameworks",
				);
				MARKETING_VERSION = 1.0.3;
				PRODUCT_BUNDLE_IDENTIFIER = com.thekaiway.AgentTutor;
				PRODUCT_NAME = "$(TARGET_NAME)";
				REGISTER_APP_GROUPS = YES;
				STRING_CATALOG_GENERATE_SYMBOLS = YES;
				SWIFT_APPROACHABLE_CONCURRENCY = YES;
				SWIFT_DEFAULT_ACTOR_ISOLATION = MainActor;
				SWIFT_EMIT_LOC_STRINGS = YES;
				SWIFT_UPCOMING_FEATURE_MEMBER_IMPORT_VISIBILITY = YES;
				SWIFT_VERSION = 5.0;
			};
			name = Debug;
		};
		102B08AF2F38F9A900AB6E83 /* Release */ = {
			isa = XCBuildConfiguration;
			buildSettings = {
				ASSETCATALOG_COMPILER_APPICON_NAME = AppIcon;
				ASSETCATALOG_COMPILER_GLOBAL_ACCENT_COLOR_NAME = AccentColor;
				CODE_SIGN_STYLE = Automatic;
				COMBINE_HIDPI_IMAGES = YES;
				CURRENT_PROJECT_VERSION = 4;
				DEVELOPMENT_TEAM = 5EE3MRCZ7T;
				ENABLE_APP_SANDBOX = NO;
				ENABLE_HARDENED_RUNTIME = YES;
				ENABLE_PREVIEWS = YES;
				ENABLE_USER_SELECTED_FILES = readonly;
				GENERATE_INFOPLIST_FILE = YES;
				INFOPLIST_KEY_NSHumanReadableCopyright = "";
				LD_RUNPATH_SEARCH_PATHS = (
					"$(inherited)",
					"@executable_path/../Frameworks",
				);
				MARKETING_VERSION = 1.0.3;
				PRODUCT_BUNDLE_IDENTIFIER = com.thekaiway.AgentTutor;
				PRODUCT_NAME = "$(TARGET_NAME)";
				REGISTER_APP_GROUPS = YES;
				STRING_CATALOG_GENERATE_SYMBOLS = YES;
				SWIFT_APPROACHABLE_CONCURRENCY = YES;
				SWIFT_DEFAULT_ACTOR_ISOLATION = MainActor;
				SWIFT_EMIT_LOC_STRINGS = YES;
				SWIFT_UPCOMING_FEATURE_MEMBER_IMPORT_VISIBILITY = YES;
				SWIFT_VERSION = 5.0;
			};
			name = Release;
		};
		102B08B12F38F9A900AB6E83 /* Debug */ = {
			isa = XCBuildConfiguration;
			buildSettings = {
				BUNDLE_LOADER = "$(TEST_HOST)";
				CODE_SIGN_STYLE = Automatic;
				CURRENT_PROJECT_VERSION = 4;
				DEVELOPMENT_TEAM = 5EE3MRCZ7T;
				GENERATE_INFOPLIST_FILE = YES;
				MACOSX_DEPLOYMENT_TARGET = 14.0;
				MARKETING_VERSION = 1.0.3;
				PRODUCT_BUNDLE_IDENTIFIER = com.thekaiway.AgentTutorTests;
				PRODUCT_NAME = "$(TARGET_NAME)";
				STRING_CATALOG_GENERATE_SYMBOLS = NO;
				SWIFT_APPROACHABLE_CONCURRENCY = YES;
				SWIFT_EMIT_LOC_STRINGS = NO;
				SWIFT_UPCOMING_FEATURE_MEMBER_IMPORT_VISIBILITY = YES;
				SWIFT_VERSION = 5.0;
				TEST_HOST = "$(BUILT_PRODUCTS_DIR)/AgentTutor.app/$(BUNDLE_EXECUTABLE_FOLDER_PATH)/AgentTutor";
			};
			name = Debug;
		};
		102B08B22F38F9A900AB6E83 /* Release */ = {
			isa = XCBuildConfiguration;
			buildSettings = {
				BUNDLE_LOADER = "$(TEST_HOST)";
				CODE_SIGN_STYLE = Automatic;
				CURRENT_PROJECT_VERSION = 4;
				DEVELOPMENT_TEAM = 5EE3MRCZ7T;
				GENERATE_INFOPLIST_FILE = YES;
				MACOSX_DEPLOYMENT_TARGET = 14.0;
				MARKETING_VERSION = 1.0.3;
				PRODUCT_BUNDLE_IDENTIFIER = com.thekaiway.AgentTutorTests;
				PRODUCT_NAME = "$(TARGET_NAME)";
				STRING_CATALOG_GENERATE_SYMBOLS = NO;
				SWIFT_APPROACHABLE_CONCURRENCY = YES;
				SWIFT_EMIT_LOC_STRINGS = NO;
				SWIFT_UPCOMING_FEATURE_MEMBER_IMPORT_VISIBILITY = YES;
				SWIFT_VERSION = 5.0;
				TEST_HOST = "$(BUILT_PRODUCTS_DIR)/AgentTutor.app/$(BUNDLE_EXECUTABLE_FOLDER_PATH)/AgentTutor";
			};
			name = Release;
		};
		102B08B42F38F9A900AB6E83 /* Debug */ = {
			isa = XCBuildConfiguration;
			buildSettings = {
				CODE_SIGN_STYLE = Automatic;
				CURRENT_PROJECT_VERSION = 4;
				DEVELOPMENT_TEAM = 5EE3MRCZ7T;
				GENERATE_INFOPLIST_FILE = YES;
				MARKETING_VERSION = 1.0.3;
				PRODUCT_BUNDLE_IDENTIFIER = com.thekaiway.AgentTutorUITests;
				PRODUCT_NAME = "$(TARGET_NAME)";
				STRING_CATALOG_GENERATE_SYMBOLS = NO;
				SWIFT_APPROACHABLE_CONCURRENCY = YES;
				SWIFT_EMIT_LOC_STRINGS = NO;
				SWIFT_UPCOMING_FEATURE_MEMBER_IMPORT_VISIBILITY = YES;
				SWIFT_VERSION = 5.0;
				TEST_TARGET_NAME = AgentTutor;
			};
			name = Debug;
		};
		102B08B52F38F9A900AB6E83 /* Release */ = {
			isa = XCBuildConfiguration;
			buildSettings = {
				CODE_SIGN_STYLE = Automatic;
				CURRENT_PROJECT_VERSION = 4;
				DEVELOPMENT_TEAM = 5EE3MRCZ7T;
				GENERATE_INFOPLIST_FILE = YES;
				MARKETING_VERSION = 1.0.3;
				PRODUCT_BUNDLE_IDENTIFIER = com.thekaiway.AgentTutorUITests;
				PRODUCT_NAME = "$(TARGET_NAME)";
				STRING_CATALOG_GENERATE_SYMBOLS = NO;
				SWIFT_APPROACHABLE_CONCURRENCY = YES;
				SWIFT_EMIT_LOC_STRINGS = NO;
				SWIFT_UPCOMING_FEATURE_MEMBER_IMPORT_VISIBILITY = YES;
				SWIFT_VERSION = 5.0;
				TEST_TARGET_NAME = AgentTutor;
			};
			name = Release;
		};
		D1A5A00B2F40000100AB6E83 /* Debug */ = {
			isa = XCBuildConfiguration;
			buildSettings = {
				CODE_SIGN_STYLE = Automatic;
				CURRENT_PROJECT_VERSION = 4;
				DEVELOPMENT_TEAM = 5EE3MRCZ7T;
				GENERATE_INFOPLIST_FILE = YES;
				MACOSX_DEPLOYMENT_TARGET = 14.0;
				MARKETING_VERSION = 1.0.3;
				PRODUCT_BUNDLE_IDENTIFIER = com.thekaiway.AgentTutorAskpass;
				PRODUCT_NAME = "$(TARGET_NAME)";
				STRING_CATALOG_GENERATE_SYMBOLS = NO;
				SWIFT_APPROACHABLE_CONCURRENCY = YES;
				SWIFT_EMIT_LOC_STRINGS = NO;
				SWIFT_UPCOMING_FEATURE_MEMBER_IMPORT_VISIBILITY = YES;
				SWIFT_VERSION = 5.0;
			};
			name = Debug;
		};
		D1A5A00C2F40000100AB6E83 /* Release */ = {
			isa = XCBuildConfiguration;
			buildSettings = {
				CODE_SIGN_STYLE = Automatic;
				CURRENT_PROJECT_VERSION = 4;
				DEVELOPMENT_TEAM = 5EE3MRCZ7T;
				GENERATE_INFOPLIST_FILE = YES;
				MACOSX_DEPLOYMENT_TARGET = 14.0;
				MARKETING_VERSION = 1.0.3;
				PRODUCT_BUNDLE_IDENTIFIER = com.thekaiway.AgentTutorAskpass;
				PRODUCT_NAME = "$(TARGET_NAME)";
				STRING_CATALOG_GENERATE_SYMBOLS = NO;
				SWIFT_APPROACHABLE_CONCURRENCY = YES;
				SWIFT_EMIT_LOC_STRINGS = NO;
				SWIFT_UPCOMING_FEATURE_MEMBER_IMPORT_VISIBILITY = YES;
				SWIFT_VERSION = 5.0;
			};
			name = Release;
		};
/* End XCBuildConfiguration section */

/* Begin XCConfigurationList section */
		102B08872F38F9A800AB6E83 /* Build configuration list for PBXProject "AgentTutor" */ = {
			isa = XCConfigurationList;
			buildConfigurations = (
				102B08AB2F38F9A900AB6E83 /* Debug */,
				102B08AC2F38F9A900AB6E83 /* Release */,
			);
			defaultConfigurationIsVisible = 0;
			defaultConfigurationName = Release;
		};
		102B08AD2F38F9A900AB6E83 /* Build configuration list for PBXNativeTarget "AgentTutor" */ = {
			isa = XCConfigurationList;
			buildConfigurations = (
				102B08AE2F38F9A900AB6E83 /* Debug */,
				102B08AF2F38F9A900AB6E83 /* Release */,
			);
			defaultConfigurationIsVisible = 0;
			defaultConfigurationName = Release;
		};
		102B08B02F38F9A900AB6E83 /* Build configuration list for PBXNativeTarget "AgentTutorTests" */ = {
			isa = XCConfigurationList;
			buildConfigurations = (
				102B08B12F38F9A900AB6E83 /* Debug */,
				102B08B22F38F9A900AB6E83 /* Release */,
			);
			defaultConfigurationIsVisible = 0;
			defaultConfigurationName = Release;
		};
		102B08B32F38F9A900AB6E83 /* Build configuration list for PBXNativeTarget "AgentTutorUITests" */ = {
			isa = XCConfigurationList;
			buildConfigurations = (
				102B08B42F38F9A900AB6E83 /* Debug */,
				102B08B52F38F9A900AB6E83 /* Release */,
			);
			defaultConfigurationIsVisible = 0;
			defaultConfigurationName = Release;
		};
		D1A5A00D2F40000100AB6E83 /* Build configuration list for PBXNativeTarget "AgentTutorAskpass" */ = {
			isa = XCConfigurationList;
			buildConfigurations = (
				D1A5A00B2F40000100AB6E83 /* Debug */,
				D1A5A00C2F40000100AB6E83 /* Release */,
			);
			defaultConfigurationIsVisible = 0;
			defaultConfigurationName = Release;
		};
/* End XCConfigurationList section */
	};
	rootObject = 102B08842F38F9A800AB6E83 /* Project object */;
}
